// !$*UTF8*$!
{
	archiveVersion = 1;
	classes = {
	};
	objectVersion = 46;
	objects = {

/* Begin PBXBuildFile section */
		304ACD861F48446D00267588 /* MenuTableViewController.swift in Sources */ = {isa = PBXBuildFile; fileRef = 304ACD851F48446D00267588 /* MenuTableViewController.swift */; };
		304ACD881F4844D500267588 /* MenuTableViewCell.swift in Sources */ = {isa = PBXBuildFile; fileRef = 304ACD871F4844D500267588 /* MenuTableViewCell.swift */; };
		304ACD8A1F4845D900267588 /* Arch.swift in Sources */ = {isa = PBXBuildFile; fileRef = 304ACD891F4845D900267588 /* Arch.swift */; };
		304ACD8C1F484E6B00267588 /* BIG JOHN.otf in Resources */ = {isa = PBXBuildFile; fileRef = 304ACD8B1F484E6B00267588 /* BIG JOHN.otf */; };
		305617E91FDFA831003B4F76 /* AboutTableVC.swift in Sources */ = {isa = PBXBuildFile; fileRef = 305617E81FDFA831003B4F76 /* AboutTableVC.swift */; };
		305617EB1FDFB136003B4F76 /* MessageUI.framework in Frameworks */ = {isa = PBXBuildFile; fileRef = 305617EA1FDFB136003B4F76 /* MessageUI.framework */; };
		305FED731F5A885B004F5C7F /* SwipeableCardsVC.swift in Sources */ = {isa = PBXBuildFile; fileRef = 305FED721F5A885B004F5C7F /* SwipeableCardsVC.swift */; };
		305FED751F5A8868004F5C7F /* SwipeableCards.swift in Sources */ = {isa = PBXBuildFile; fileRef = 305FED741F5A8868004F5C7F /* SwipeableCards.swift */; };
		3071759E1F5BD29B00CFA0B0 /* MOPhotoPreviewer.swift in Sources */ = {isa = PBXBuildFile; fileRef = 3071759D1F5BD29B00CFA0B0 /* MOPhotoPreviewer.swift */; };
		307175A01F5BD2A200CFA0B0 /* UIView+MOExtension.swift in Sources */ = {isa = PBXBuildFile; fileRef = 3071759F1F5BD2A200CFA0B0 /* UIView+MOExtension.swift */; };
		30825E9F1F380B7A0009AF3D /* AppDelegate.swift in Sources */ = {isa = PBXBuildFile; fileRef = 30825E9E1F380B7A0009AF3D /* AppDelegate.swift */; };
		30825EA61F380B7A0009AF3D /* Assets.xcassets in Resources */ = {isa = PBXBuildFile; fileRef = 30825EA51F380B7A0009AF3D /* Assets.xcassets */; };
		30825EA91F380B7A0009AF3D /* LaunchScreen.storyboard in Resources */ = {isa = PBXBuildFile; fileRef = 30825EA71F380B7A0009AF3D /* LaunchScreen.storyboard */; };
		308662FE1F397C3C004FADE5 /* MapViewController.swift in Sources */ = {isa = PBXBuildFile; fileRef = 308662FD1F397C3C004FADE5 /* MapViewController.swift */; };
		30DC727C1FDF745200D669FE /* Main.storyboard in Resources */ = {isa = PBXBuildFile; fileRef = 30DC727A1FDF745100D669FE /* Main.storyboard */; };
		30F6C3881F774DEE00AA6417 /* DetailVC.swift in Sources */ = {isa = PBXBuildFile; fileRef = 30F6C3871F774DEE00AA6417 /* DetailVC.swift */; };
/* End PBXBuildFile section */

/* Begin PBXFileReference section */
		304ACD851F48446D00267588 /* MenuTableViewController.swift */ = {isa = PBXFileReference; fileEncoding = 4; lastKnownFileType = sourcecode.swift; name = MenuTableViewController.swift; path = ../MenuTableViewController.swift; sourceTree = "<group>"; };
		304ACD871F4844D500267588 /* MenuTableViewCell.swift */ = {isa = PBXFileReference; fileEncoding = 4; lastKnownFileType = sourcecode.swift; path = MenuTableViewCell.swift; sourceTree = "<group>"; };
		304ACD891F4845D900267588 /* Arch.swift */ = {isa = PBXFileReference; fileEncoding = 4; lastKnownFileType = sourcecode.swift; path = Arch.swift; sourceTree = "<group>"; };
		304ACD8B1F484E6B00267588 /* BIG JOHN.otf */ = {isa = PBXFileReference; lastKnownFileType = file; path = "BIG JOHN.otf"; sourceTree = "<group>"; };
		305617E81FDFA831003B4F76 /* AboutTableVC.swift */ = {isa = PBXFileReference; lastKnownFileType = sourcecode.swift; path = AboutTableVC.swift; sourceTree = "<group>"; };
		305617EA1FDFB136003B4F76 /* MessageUI.framework */ = {isa = PBXFileReference; lastKnownFileType = wrapper.framework; name = MessageUI.framework; path = System/Library/Frameworks/MessageUI.framework; sourceTree = SDKROOT; };
		305FED721F5A885B004F5C7F /* SwipeableCardsVC.swift */ = {isa = PBXFileReference; fileEncoding = 4; lastKnownFileType = sourcecode.swift; path = SwipeableCardsVC.swift; sourceTree = "<group>"; };
		305FED741F5A8868004F5C7F /* SwipeableCards.swift */ = {isa = PBXFileReference; fileEncoding = 4; lastKnownFileType = sourcecode.swift; path = SwipeableCards.swift; sourceTree = "<group>"; };
		3071759D1F5BD29B00CFA0B0 /* MOPhotoPreviewer.swift */ = {isa = PBXFileReference; fileEncoding = 4; lastKnownFileType = sourcecode.swift; path = MOPhotoPreviewer.swift; sourceTree = "<group>"; };
		3071759F1F5BD2A200CFA0B0 /* UIView+MOExtension.swift */ = {isa = PBXFileReference; fileEncoding = 4; lastKnownFileType = sourcecode.swift; path = "UIView+MOExtension.swift"; sourceTree = "<group>"; };
		30825E9B1F380B7A0009AF3D /* 建筑之美.app */ = {isa = PBXFileReference; explicitFileType = wrapper.application; includeInIndex = 0; path = "建筑之美.app"; sourceTree = BUILT_PRODUCTS_DIR; };
		30825E9E1F380B7A0009AF3D /* AppDelegate.swift */ = {isa = PBXFileReference; lastKnownFileType = sourcecode.swift; path = AppDelegate.swift; sourceTree = "<group>"; };
		30825EA51F380B7A0009AF3D /* Assets.xcassets */ = {isa = PBXFileReference; lastKnownFileType = folder.assetcatalog; path = Assets.xcassets; sourceTree = "<group>"; };
		30825EA81F380B7A0009AF3D /* Base */ = {isa = PBXFileReference; lastKnownFileType = file.storyboard; name = Base; path = Base.lproj/LaunchScreen.storyboard; sourceTree = "<group>"; };
		30825EAA1F380B7A0009AF3D /* Info.plist */ = {isa = PBXFileReference; lastKnownFileType = text.plist.xml; path = Info.plist; sourceTree = "<group>"; };
		308662FD1F397C3C004FADE5 /* MapViewController.swift */ = {isa = PBXFileReference; fileEncoding = 4; lastKnownFileType = sourcecode.swift; path = MapViewController.swift; sourceTree = "<group>"; };
		30DC727B1FDF745100D669FE /* Base */ = {isa = PBXFileReference; lastKnownFileType = file.storyboard; name = Base; path = Base.lproj/Main.storyboard; sourceTree = "<group>"; };
		30F6C3871F774DEE00AA6417 /* DetailVC.swift */ = {isa = PBXFileReference; lastKnownFileType = sourcecode.swift; path = DetailVC.swift; sourceTree = "<group>"; };
/* End PBXFileReference section */

/* Begin PBXFrameworksBuildPhase section */
		30825E981F380B7A0009AF3D /* Frameworks */ = {
			isa = PBXFrameworksBuildPhase;
			buildActionMask = 2147483647;
			files = (
				305617EB1FDFB136003B4F76 /* MessageUI.framework in Frameworks */,
			);
			runOnlyForDeploymentPostprocessing = 0;
		};
/* End PBXFrameworksBuildPhase section */

/* Begin PBXGroup section */
		30825E921F380B7A0009AF3D = {
			isa = PBXGroup;
			children = (
				304ACD8B1F484E6B00267588 /* BIG JOHN.otf */,
				30825E9D1F380B7A0009AF3D /* ArchiEuro */,
				30825E9C1F380B7A0009AF3D /* Products */,
				30D386A71F97A86500A9DE43 /* Frameworks */,
			);
			sourceTree = "<group>";
		};
		30825E9C1F380B7A0009AF3D /* Products */ = {
			isa = PBXGroup;
			children = (
				30825E9B1F380B7A0009AF3D /* 建筑之美.app */,
			);
			name = Products;
			sourceTree = "<group>";
		};
		30825E9D1F380B7A0009AF3D /* ArchiEuro */ = {
			isa = PBXGroup;
			children = (
				304ACD851F48446D00267588 /* MenuTableViewController.swift */,
				30F6C3871F774DEE00AA6417 /* DetailVC.swift */,
				3071759D1F5BD29B00CFA0B0 /* MOPhotoPreviewer.swift */,
				3071759F1F5BD2A200CFA0B0 /* UIView+MOExtension.swift */,
				305FED721F5A885B004F5C7F /* SwipeableCardsVC.swift */,
				305FED741F5A8868004F5C7F /* SwipeableCards.swift */,
				304ACD871F4844D500267588 /* MenuTableViewCell.swift */,
				304ACD891F4845D900267588 /* Arch.swift */,
				30825E9E1F380B7A0009AF3D /* AppDelegate.swift */,
				308662FD1F397C3C004FADE5 /* MapViewController.swift */,
				30DC727A1FDF745100D669FE /* Main.storyboard */,
				305617E81FDFA831003B4F76 /* AboutTableVC.swift */,
				30825EA51F380B7A0009AF3D /* Assets.xcassets */,
				30825EA71F380B7A0009AF3D /* LaunchScreen.storyboard */,
				30825EAA1F380B7A0009AF3D /* Info.plist */,
			);
			path = ArchiEuro;
			sourceTree = "<group>";
		};
		30D386A71F97A86500A9DE43 /* Frameworks */ = {
			isa = PBXGroup;
			children = (
				305617EA1FDFB136003B4F76 /* MessageUI.framework */,
			);
			name = Frameworks;
			sourceTree = "<group>";
		};
/* End PBXGroup section */

/* Begin PBXNativeTarget section */
		30825E9A1F380B7A0009AF3D /* 建筑之美 */ = {
			isa = PBXNativeTarget;
			buildConfigurationList = 30825EAD1F380B7A0009AF3D /* Build configuration list for PBXNativeTarget "建筑之美" */;
			buildPhases = (
				30825E971F380B7A0009AF3D /* Sources */,
				30825E981F380B7A0009AF3D /* Frameworks */,
				30825E991F380B7A0009AF3D /* Resources */,
			);
			buildRules = (
			);
			dependencies = (
			);
			name = "建筑之美";
			productName = ArchiEuro;
			productReference = 30825E9B1F380B7A0009AF3D /* 建筑之美.app */;
			productType = "com.apple.product-type.application";
		};
/* End PBXNativeTarget section */

/* Begin PBXProject section */
		30825E931F380B7A0009AF3D /* Project object */ = {
			isa = PBXProject;
			attributes = {
				LastSwiftUpdateCheck = 0830;
				LastUpgradeCheck = 0900;
				ORGANIZATIONNAME = "杨依明";
				TargetAttributes = {
					30825E9A1F380B7A0009AF3D = {
						CreatedOnToolsVersion = 8.3.3;
						DevelopmentTeam = 65J76BS4V3;
						ProvisioningStyle = Automatic;
						SystemCapabilities = {
							com.apple.WAC = {
								enabled = 0;
							};
						};
					};
				};
			};
			buildConfigurationList = 30825E961F380B7A0009AF3D /* Build configuration list for PBXProject "建筑之美" */;
			compatibilityVersion = "Xcode 3.2";
			developmentRegion = English;
			hasScannedForEncodings = 0;
			knownRegions = (
				en,
				Base,
			);
			mainGroup = 30825E921F380B7A0009AF3D;
			productRefGroup = 30825E9C1F380B7A0009AF3D /* Products */;
			projectDirPath = "";
			projectRoot = "";
			targets = (
				30825E9A1F380B7A0009AF3D /* 建筑之美 */,
			);
		};
/* End PBXProject section */

/* Begin PBXResourcesBuildPhase section */
		30825E991F380B7A0009AF3D /* Resources */ = {
			isa = PBXResourcesBuildPhase;
			buildActionMask = 2147483647;
			files = (
				304ACD8C1F484E6B00267588 /* BIG JOHN.otf in Resources */,
				30825EA91F380B7A0009AF3D /* LaunchScreen.storyboard in Resources */,
				30825EA61F380B7A0009AF3D /* Assets.xcassets in Resources */,
				30DC727C1FDF745200D669FE /* Main.storyboard in Resources */,
			);
			runOnlyForDeploymentPostprocessing = 0;
		};
/* End PBXResourcesBuildPhase section */

/* Begin PBXSourcesBuildPhase section */
		30825E971F380B7A0009AF3D /* Sources */ = {
			isa = PBXSourcesBuildPhase;
			buildActionMask = 2147483647;
			files = (
				304ACD8A1F4845D900267588 /* Arch.swift in Sources */,
				305FED731F5A885B004F5C7F /* SwipeableCardsVC.swift in Sources */,
				3071759E1F5BD29B00CFA0B0 /* MOPhotoPreviewer.swift in Sources */,
				30F6C3881F774DEE00AA6417 /* DetailVC.swift in Sources */,
				304ACD881F4844D500267588 /* MenuTableViewCell.swift in Sources */,
				305FED751F5A8868004F5C7F /* SwipeableCards.swift in Sources */,
				307175A01F5BD2A200CFA0B0 /* UIView+MOExtension.swift in Sources */,
				304ACD861F48446D00267588 /* MenuTableViewController.swift in Sources */,
				30825E9F1F380B7A0009AF3D /* AppDelegate.swift in Sources */,
				308662FE1F397C3C004FADE5 /* MapViewController.swift in Sources */,
				305617E91FDFA831003B4F76 /* AboutTableVC.swift in Sources */,
			);
			runOnlyForDeploymentPostprocessing = 0;
		};
/* End PBXSourcesBuildPhase section */

/* Begin PBXVariantGroup section */
		30825EA71F380B7A0009AF3D /* LaunchScreen.storyboard */ = {
			isa = PBXVariantGroup;
			children = (
				30825EA81F380B7A0009AF3D /* Base */,
			);
			name = LaunchScreen.storyboard;
			sourceTree = "<group>";
		};
		30DC727A1FDF745100D669FE /* Main.storyboard */ = {
			isa = PBXVariantGroup;
			children = (
				30DC727B1FDF745100D669FE /* Base */,
			);
			name = Main.storyboard;
			sourceTree = "<group>";
		};
/* End PBXVariantGroup section */

/* Begin XCBuildConfiguration section */
		30825EAB1F380B7A0009AF3D /* Debug */ = {
			isa = XCBuildConfiguration;
			buildSettings = {
				ALWAYS_SEARCH_USER_PATHS = NO;
				CLANG_ANALYZER_NONNULL = YES;
				CLANG_ANALYZER_NUMBER_OBJECT_CONVERSION = YES_AGGRESSIVE;
				CLANG_CXX_LANGUAGE_STANDARD = "gnu++0x";
				CLANG_CXX_LIBRARY = "libc++";
				CLANG_ENABLE_MODULES = YES;
				CLANG_ENABLE_OBJC_ARC = YES;
				CLANG_WARN_BLOCK_CAPTURE_AUTORELEASING = YES;
				CLANG_WARN_BOOL_CONVERSION = YES;
				CLANG_WARN_COMMA = YES;
				CLANG_WARN_CONSTANT_CONVERSION = YES;
				CLANG_WARN_DIRECT_OBJC_ISA_USAGE = YES_ERROR;
				CLANG_WARN_DOCUMENTATION_COMMENTS = YES;
				CLANG_WARN_EMPTY_BODY = YES;
				CLANG_WARN_ENUM_CONVERSION = YES;
				CLANG_WARN_INFINITE_RECURSION = YES;
				CLANG_WARN_INT_CONVERSION = YES;
				CLANG_WARN_NON_LITERAL_NULL_CONVERSION = YES;
				CLANG_WARN_OBJC_LITERAL_CONVERSION = YES;
				CLANG_WARN_OBJC_ROOT_CLASS = YES_ERROR;
				CLANG_WARN_RANGE_LOOP_ANALYSIS = YES;
				CLANG_WARN_STRICT_PROTOTYPES = YES;
				CLANG_WARN_SUSPICIOUS_MOVE = YES;
				CLANG_WARN_UNREACHABLE_CODE = YES;
				CLANG_WARN__DUPLICATE_METHOD_MATCH = YES;
				"CODE_SIGN_IDENTITY[sdk=iphoneos*]" = "iPhone Developer";
				COPY_PHASE_STRIP = NO;
				DEBUG_INFORMATION_FORMAT = dwarf;
				ENABLE_STRICT_OBJC_MSGSEND = YES;
				ENABLE_TESTABILITY = YES;
				GCC_C_LANGUAGE_STANDARD = gnu99;
				GCC_DYNAMIC_NO_PIC = NO;
				GCC_NO_COMMON_BLOCKS = YES;
				GCC_OPTIMIZATION_LEVEL = 0;
				GCC_PREPROCESSOR_DEFINITIONS = (
					"DEBUG=1",
					"$(inherited)",
				);
				GCC_WARN_64_TO_32_BIT_CONVERSION = YES;
				GCC_WARN_ABOUT_RETURN_TYPE = YES_ERROR;
				GCC_WARN_UNDECLARED_SELECTOR = YES;
				GCC_WARN_UNINITIALIZED_AUTOS = YES_AGGRESSIVE;
				GCC_WARN_UNUSED_FUNCTION = YES;
				GCC_WARN_UNUSED_VARIABLE = YES;
				IPHONEOS_DEPLOYMENT_TARGET = 10.3;
				MTL_ENABLE_DEBUG_INFO = YES;
				ONLY_ACTIVE_ARCH = YES;
				SDKROOT = iphoneos;
				SWIFT_ACTIVE_COMPILATION_CONDITIONS = DEBUG;
				SWIFT_OPTIMIZATION_LEVEL = "-Onone";
			};
			name = Debug;
		};
		30825EAC1F380B7A0009AF3D /* Release */ = {
			isa = XCBuildConfiguration;
			buildSettings = {
				ALWAYS_SEARCH_USER_PATHS = NO;
				CLANG_ANALYZER_NONNULL = YES;
				CLANG_ANALYZER_NUMBER_OBJECT_CONVERSION = YES_AGGRESSIVE;
				CLANG_CXX_LANGUAGE_STANDARD = "gnu++0x";
				CLANG_CXX_LIBRARY = "libc++";
				CLANG_ENABLE_MODULES = YES;
				CLANG_ENABLE_OBJC_ARC = YES;
				CLANG_WARN_BLOCK_CAPTURE_AUTORELEASING = YES;
				CLANG_WARN_BOOL_CONVERSION = YES;
				CLANG_WARN_COMMA = YES;
				CLANG_WARN_CONSTANT_CONVERSION = YES;
				CLANG_WARN_DIRECT_OBJC_ISA_USAGE = YES_ERROR;
				CLANG_WARN_DOCUMENTATION_COMMENTS = YES;
				CLANG_WARN_EMPTY_BODY = YES;
				CLANG_WARN_ENUM_CONVERSION = YES;
				CLANG_WARN_INFINITE_RECURSION = YES;
				CLANG_WARN_INT_CONVERSION = YES;
				CLANG_WARN_NON_LITERAL_NULL_CONVERSION = YES;
				CLANG_WARN_OBJC_LITERAL_CONVERSION = YES;
				CLANG_WARN_OBJC_ROOT_CLASS = YES_ERROR;
				CLANG_WARN_RANGE_LOOP_ANALYSIS = YES;
				CLANG_WARN_STRICT_PROTOTYPES = YES;
				CLANG_WARN_SUSPICIOUS_MOVE = YES;
				CLANG_WARN_UNREACHABLE_CODE = YES;
				CLANG_WARN__DUPLICATE_METHOD_MATCH = YES;
				"CODE_SIGN_IDENTITY[sdk=iphoneos*]" = "iPhone Developer";
				COPY_PHASE_STRIP = NO;
				DEBUG_INFORMATION_FORMAT = "dwarf-with-dsym";
				ENABLE_NS_ASSERTIONS = NO;
				ENABLE_STRICT_OBJC_MSGSEND = YES;
				GCC_C_LANGUAGE_STANDARD = gnu99;
				GCC_NO_COMMON_BLOCKS = YES;
				GCC_WARN_64_TO_32_BIT_CONVERSION = YES;
				GCC_WARN_ABOUT_RETURN_TYPE = YES_ERROR;
				GCC_WARN_UNDECLARED_SELECTOR = YES;
				GCC_WARN_UNINITIALIZED_AUTOS = YES_AGGRESSIVE;
				GCC_WARN_UNUSED_FUNCTION = YES;
				GCC_WARN_UNUSED_VARIABLE = YES;
				IPHONEOS_DEPLOYMENT_TARGET = 10.3;
				MTL_ENABLE_DEBUG_INFO = NO;
				SDKROOT = iphoneos;
				SWIFT_OPTIMIZATION_LEVEL = "-Owholemodule";
				VALIDATE_PRODUCT = YES;
			};
			name = Release;
		};
		30825EAE1F380B7A0009AF3D /* Debug */ = {
			isa = XCBuildConfiguration;
			buildSettings = {
				ASSETCATALOG_COMPILER_APPICON_NAME = AppIcon;
				DEVELOPMENT_TEAM = 65J76BS4V3;
				INFOPLIST_FILE = ArchiEuro/Info.plist;
				IPHONEOS_DEPLOYMENT_TARGET = 10.3;
				LD_RUNPATH_SEARCH_PATHS = "$(inherited) @executable_path/Frameworks";
				PRODUCT_BUNDLE_IDENTIFIER = yiming.yang.ArchiEuro;
				PRODUCT_NAME = "$(TARGET_NAME)";
				SWIFT_VERSION = 3.0;
			};
			name = Debug;
		};
		30825EAF1F380B7A0009AF3D /* Release */ = {
			isa = XCBuildConfiguration;
			buildSettings = {
				ASSETCATALOG_COMPILER_APPICON_NAME = AppIcon;
				DEVELOPMENT_TEAM = 65J76BS4V3;
				INFOPLIST_FILE = ArchiEuro/Info.plist;
				IPHONEOS_DEPLOYMENT_TARGET = 10.3;
				LD_RUNPATH_SEARCH_PATHS = "$(inherited) @executable_path/Frameworks";
				PRODUCT_BUNDLE_IDENTIFIER = yiming.yang.ArchiEuro;
				PRODUCT_NAME = "$(TARGET_NAME)";
				SWIFT_VERSION = 3.0;
			};
			name = Release;
		};
/* End XCBuildConfiguration section */

/* Begin XCConfigurationList section */
		30825E961F380B7A0009AF3D /* Build configuration list for PBXProject "建筑之美" */ = {
			isa = XCConfigurationList;
			buildConfigurations = (
				30825EAB1F380B7A0009AF3D /* Debug */,
				30825EAC1F380B7A0009AF3D /* Release */,
			);
			defaultConfigurationIsVisible = 0;
			defaultConfigurationName = Release;
		};
		30825EAD1F380B7A0009AF3D /* Build configuration list for PBXNativeTarget "建筑之美" */ = {
			isa = XCConfigurationList;
			buildConfigurations = (
				30825EAE1F380B7A0009AF3D /* Debug */,
				30825EAF1F380B7A0009AF3D /* Release */,
			);
			defaultConfigurationIsVisible = 0;
			defaultConfigurationName = Release;
		};
/* End XCConfigurationList section */
	};
	rootObject = 30825E931F380B7A0009AF3D /* Project object */;
}
